
Microsoft Visual Studio Solution File, Format Version 12.00
# Visual Studio Version 17
VisualStudioVersion = 17.12.35707.178 d17.12
MinimumVisualStudioVersion = 10.0.40219.1
Project("{FAE04EC0-301F-11D3-BF4B-00C04F79EFBC}") = "Microservice.Api", "Microservice\Microservice.Api.csproj", "{AA9C89FB-F516-4047-9B17-5E79998AE1A5}"
EndProject
Project("{FAE04EC0-301F-11D3-BF4B-00C04F79EFBC}") = "Microservice.Infrastructure", "Microservice.Domain\Microservice.Infrastructure.csproj", "{022FEC5B-6ED9-437E-8A4B-23B9796598A7}"
EndProject
Project("{FAE04EC0-301F-11D3-BF4B-00C04F79EFBC}") = "Microservice.Domain", "Microservices.Domain\Microservice.Domain.csproj", "{AA22396B-4F8A-42E6-97C3-19314E679914}"
EndProject
Project("{FAE04EC0-301F-11D3-BF4B-00C04F79EFBC}") = "Microservice.Application", "Microservices.Application\Microservice.Application.csproj", "{33CD0337-1714-4427-AF01-2601443ED4C0}"
EndProject
Project("{2150E333-8FDC-42A3-9474-1A3956D46DE8}") = "src", "src", "{02E2BF40-A8CE-44FF-853F-9225C8315B8D}"
EndProject
Project("{2150E333-8FDC-42A3-9474-1A3956D46DE8}") = "tests", "tests", "{3F8D387A-CF67-409E-A2EF-BD2181DE2892}"
EndProject
Global
	GlobalSection(SolutionConfigurationPlatforms) = preSolution
		Debug|Any CPU = Debug|Any CPU
		Release|Any CPU = Release|Any CPU
	EndGlobalSection
	GlobalSection(ProjectConfigurationPlatforms) = postSolution
		{AA9C89FB-F516-4047-9B17-5E79998AE1A5}.Debug|Any CPU.ActiveCfg = Debug|Any CPU
		{AA9C89FB-F516-4047-9B17-5E79998AE1A5}.Debug|Any CPU.Build.0 = Debug|Any CPU
		{AA9C89FB-F516-4047-9B17-5E79998AE1A5}.Release|Any CPU.ActiveCfg = Release|Any CPU
		{AA9C89FB-F516-4047-9B17-5E79998AE1A5}.Release|Any CPU.Build.0 = Release|Any CPU
		{022FEC5B-6ED9-437E-8A4B-23B9796598A7}.Debug|Any CPU.ActiveCfg = Debug|Any CPU
		{022FEC5B-6ED9-437E-8A4B-23B9796598A7}.Debug|Any CPU.Build.0 = Debug|Any CPU
		{022FEC5B-6ED9-437E-8A4B-23B9796598A7}.Release|Any CPU.ActiveCfg = Release|Any CPU
		{022FEC5B-6ED9-437E-8A4B-23B9796598A7}.Release|Any CPU.Build.0 = Release|Any CPU
		{AA22396B-4F8A-42E6-97C3-19314E679914}.Debug|Any CPU.ActiveCfg = Debug|Any CPU
		{AA22396B-4F8A-42E6-97C3-19314E679914}.Debug|Any CPU.Build.0 = Debug|Any CPU
		{AA22396B-4F8A-42E6-97C3-19314E679914}.Release|Any CPU.ActiveCfg = Release|Any CPU
		{AA22396B-4F8A-42E6-97C3-19314E679914}.Release|Any CPU.Build.0 = Release|Any CPU
		{33CD0337-1714-4427-AF01-2601443ED4C0}.Debug|Any CPU.ActiveCfg = Debug|Any CPU
		{33CD0337-1714-4427-AF01-2601443ED4C0}.Debug|Any CPU.Build.0 = Debug|Any CPU
		{33CD0337-1714-4427-AF01-2601443ED4C0}.Release|Any CPU.ActiveCfg = Release|Any CPU
		{33CD0337-1714-4427-AF01-2601443ED4C0}.Release|Any CPU.Build.0 = Release|Any CPU
	EndGlobalSection
	GlobalSection(SolutionProperties) = preSolution
		HideSolutionNode = FALSE
	EndGlobalSection
	GlobalSection(NestedProjects) = preSolution
		{AA9C89FB-F516-4047-9B17-5E79998AE1A5} = {02E2BF40-A8CE-44FF-853F-9225C8315B8D}
		{022FEC5B-6ED9-437E-8A4B-23B9796598A7} = {02E2BF40-A8CE-44FF-853F-9225C8315B8D}
		{AA22396B-4F8A-42E6-97C3-19314E679914} = {02E2BF40-A8CE-44FF-853F-9225C8315B8D}
		{33CD0337-1714-4427-AF01-2601443ED4C0} = {02E2BF40-A8CE-44FF-853F-9225C8315B8D}
	EndGlobalSection
EndGlobal
